// !$*UTF8*$!
{
	archiveVersion = 1;
	classes = {
	};
	objectVersion = 46;
	objects = {

/* Begin PBXBuildFile section */
		46D1A2011A5FE8FD00E752EA /* ViewController.m in Sources */ = {isa = PBXBuildFile; fileRef = 46F1B5831A597C5F00739FBE /* ViewController.m */; };
		46D1A2031A5FE99600E752EA /* sos.m4a in Resources */ = {isa = PBXBuildFile; fileRef = 46D1A2021A5FE99600E752EA /* sos.m4a */; };
		46F1B57E1A597C5F00739FBE /* main.m in Sources */ = {isa = PBXBuildFile; fileRef = 46F1B57D1A597C5F00739FBE /* main.m */; };
		46F1B5811A597C5F00739FBE /* AppDelegate.m in Sources */ = {isa = PBXBuildFile; fileRef = 46F1B5801A597C5F00739FBE /* AppDelegate.m */; };
		46F1B5841A597C5F00739FBE /* ViewController.m in Sources */ = {isa = PBXBuildFile; fileRef = 46F1B5831A597C5F00739FBE /* ViewController.m */; };
		46F1B5871A597C5F00739FBE /* Main.storyboard in Resources */ = {isa = PBXBuildFile; fileRef = 46F1B5851A597C5F00739FBE /* Main.storyboard */; };
		46F1B5891A597C5F00739FBE /* Images.xcassets in Resources */ = {isa = PBXBuildFile; fileRef = 46F1B5881A597C5F00739FBE /* Images.xcassets */; };
		46F1B58C1A597C6000739FBE /* LaunchScreen.xib in Resources */ = {isa = PBXBuildFile; fileRef = 46F1B58A1A597C6000739FBE /* LaunchScreen.xib */; };
		46F1B5981A597C6000739FBE /* SoundPlayAlcohalTests.m in Sources */ = {isa = PBXBuildFile; fileRef = 46F1B5971A597C6000739FBE /* SoundPlayAlcohalTests.m */; };
		46F1B5A21A5996B500739FBE /* AVFoundation.framework in Frameworks */ = {isa = PBXBuildFile; fileRef = 46F1B5A11A5996B500739FBE /* AVFoundation.framework */; };
/* End PBXBuildFile section */

/* Begin PBXContainerItemProxy section */
		46F1B5921A597C6000739FBE /* PBXContainerItemProxy */ = {
			isa = PBXContainerItemProxy;
			containerPortal = 46F1B5701A597C5F00739FBE /* Project object */;
			proxyType = 1;
			remoteGlobalIDString = 46F1B5771A597C5F00739FBE;
			remoteInfo = SoundPlayAlcohal;
		};
/* End PBXContainerItemProxy section */

/* Begin PBXFileReference section */
		46D1A2021A5FE99600E752EA /* sos.m4a */ = {isa = PBXFileReference; lastKnownFileType = file; path = sos.m4a; sourceTree = "<group>"; };
		46F1B5781A597C5F00739FBE /* SoundPlayAlcohal.app */ = {isa = PBXFileReference; explicitFileType = wrapper.application; includeInIndex = 0; path = SoundPlayAlcohal.app; sourceTree = BUILT_PRODUCTS_DIR; };
		46F1B57C1A597C5F00739FBE /* Info.plist */ = {isa = PBXFileReference; lastKnownFileType = text.plist.xml; path = Info.plist; sourceTree = "<group>"; };
		46F1B57D1A597C5F00739FBE /* main.m */ = {isa = PBXFileReference; lastKnownFileType = sourcecode.c.objc; path = main.m; sourceTree = "<group>"; };
		46F1B57F1A597C5F00739FBE /* AppDelegate.h */ = {isa = PBXFileReference; lastKnownFileType = sourcecode.c.h; path = AppDelegate.h; sourceTree = "<group>"; };
		46F1B5801A597C5F00739FBE /* AppDelegate.m */ = {isa = PBXFileReference; lastKnownFileType = sourcecode.c.objc; path = AppDelegate.m; sourceTree = "<group>"; };
		46F1B5821A597C5F00739FBE /* ViewController.h */ = {isa = PBXFileReference; lastKnownFileType = sourcecode.c.h; path = ViewController.h; sourceTree = "<group>"; };
		46F1B5831A597C5F00739FBE /* ViewController.m */ = {isa = PBXFileReference; lastKnownFileType = sourcecode.c.objc; path = ViewController.m; sourceTree = "<group>"; };
		46F1B5861A597C5F00739FBE /* Base */ = {isa = PBXFileReference; lastKnownFileType = file.storyboard; name = Base; path = Base.lproj/Main.storyboard; sourceTree = "<group>"; };
		46F1B5881A597C5F00739FBE /* Images.xcassets */ = {isa = PBXFileReference; lastKnownFileType = folder.assetcatalog; path = Images.xcassets; sourceTree = "<group>"; };
		46F1B58B1A597C6000739FBE /* Base */ = {isa = PBXFileReference; lastKnownFileType = file.xib; name = Base; path = Base.lproj/LaunchScreen.xib; sourceTree = "<group>"; };
		46F1B5911A597C6000739FBE /* SoundPlayAlcohalTests.xctest */ = {isa = PBXFileReference; explicitFileType = wrapper.cfbundle; includeInIndex = 0; path = SoundPlayAlcohalTests.xctest; sourceTree = BUILT_PRODUCTS_DIR; };
		46F1B5961A597C6000739FBE /* Info.plist */ = {isa = PBXFileReference; lastKnownFileType = text.plist.xml; path = Info.plist; sourceTree = "<group>"; };
		46F1B5971A597C6000739FBE /* SoundPlayAlcohalTests.m */ = {isa = PBXFileReference; lastKnownFileType = sourcecode.c.objc; path = SoundPlayAlcohalTests.m; sourceTree = "<group>"; };
		46F1B5A11A5996B500739FBE /* AVFoundation.framework */ = {isa = PBXFileReference; lastKnownFileType = wrapper.framework; name = AVFoundation.framework; path = System/Library/Frameworks/AVFoundation.framework; sourceTree = SDKROOT; };
/* End PBXFileReference section */

/* Begin PBXFrameworksBuildPhase section */
		46F1B5751A597C5F00739FBE /* Frameworks */ = {
			isa = PBXFrameworksBuildPhase;
			buildActionMask = 2147483647;
			files = (
				46F1B5A21A5996B500739FBE /* AVFoundation.framework in Frameworks */,
			);
			runOnlyForDeploymentPostprocessing = 0;
		};
		46F1B58E1A597C6000739FBE /* Frameworks */ = {
			isa = PBXFrameworksBuildPhase;
			buildActionMask = 2147483647;
			files = (
			);
			runOnlyForDeploymentPostprocessing = 0;
		};
/* End PBXFrameworksBuildPhase section */

/* Begin PBXGroup section */
		46F1B56F1A597C5F00739FBE = {
			isa = PBXGroup;
			children = (
				46F1B5A11A5996B500739FBE /* AVFoundation.framework */,
				46F1B57A1A597C5F00739FBE /* SoundPlayAlcohal */,
				46F1B5941A597C6000739FBE /* SoundPlayAlcohalTests */,
				46F1B5791A597C5F00739FBE /* Products */,
			);
			sourceTree = "<group>";
		};
		46F1B5791A597C5F00739FBE /* Products */ = {
			isa = PBXGroup;
			children = (
				46F1B5781A597C5F00739FBE /* SoundPlayAlcohal.app */,
				46F1B5911A597C6000739FBE /* SoundPlayAlcohalTests.xctest */,
			);
			name = Products;
			sourceTree = "<group>";
		};
		46F1B57A1A597C5F00739FBE /* SoundPlayAlcohal */ = {
			isa = PBXGroup;
			children = (
				46F1B57F1A597C5F00739FBE /* AppDelegate.h */,
				46D1A2021A5FE99600E752EA /* sos.m4a */,
				46F1B5801A597C5F00739FBE /* AppDelegate.m */,
				46F1B5821A597C5F00739FBE /* ViewController.h */,
				46F1B5831A597C5F00739FBE /* ViewController.m */,
				46F1B5851A597C5F00739FBE /* Main.storyboard */,
				46F1B5881A597C5F00739FBE /* Images.xcassets */,
				46F1B58A1A597C6000739FBE /* LaunchScreen.xib */,
				46F1B57B1A597C5F00739FBE /* Supporting Files */,
			);
			path = SoundPlayAlcohal;
			sourceTree = "<group>";
		};
		46F1B57B1A597C5F00739FBE /* Supporting Files */ = {
			isa = PBXGroup;
			children = (
				46F1B57C1A597C5F00739FBE /* Info.plist */,
				46F1B57D1A597C5F00739FBE /* main.m */,
			);
			name = "Supporting Files";
			sourceTree = "<group>";
		};
		46F1B5941A597C6000739FBE /* SoundPlayAlcohalTests */ = {
			isa = PBXGroup;
			children = (
				46F1B5971A597C6000739FBE /* SoundPlayAlcohalTests.m */,
				46F1B5951A597C6000739FBE /* Supporting Files */,
			);
			path = SoundPlayAlcohalTests;
			sourceTree = "<group>";
		};
		46F1B5951A597C6000739FBE /* Supporting Files */ = {
			isa = PBXGroup;
			children = (
				46F1B5961A597C6000739FBE /* Info.plist */,
			);
			name = "Supporting Files";
			sourceTree = "<group>";
		};
/* End PBXGroup section */

/* Begin PBXNativeTarget section */
		46F1B5771A597C5F00739FBE /* SoundPlayAlcohal */ = {
			isa = PBXNativeTarget;
			buildConfigurationList = 46F1B59B1A597C6000739FBE /* Build configuration list for PBXNativeTarget "SoundPlayAlcohal" */;
			buildPhases = (
				46F1B5741A597C5F00739FBE /* Sources */,
				46F1B5751A597C5F00739FBE /* Frameworks */,
				46F1B5761A597C5F00739FBE /* Resources */,
			);
			buildRules = (
			);
			dependencies = (
			);
			name = SoundPlayAlcohal;
			productName = SoundPlayAlcohal;
			productReference = 46F1B5781A597C5F00739FBE /* SoundPlayAlcohal.app */;
			productType = "com.apple.product-type.application";
		};
		46F1B5901A597C6000739FBE /* SoundPlayAlcohalTests */ = {
			isa = PBXNativeTarget;
			buildConfigurationList = 46F1B59E1A597C6000739FBE /* Build configuration list for PBXNativeTarget "SoundPlayAlcohalTests" */;
			buildPhases = (
				46F1B58D1A597C6000739FBE /* Sources */,
				46F1B58E1A597C6000739FBE /* Frameworks */,
				46F1B58F1A597C6000739FBE /* Resources */,
			);
			buildRules = (
			);
			dependencies = (
				46F1B5931A597C6000739FBE /* PBXTargetDependency */,
			);
			name = SoundPlayAlcohalTests;
			productName = SoundPlayAlcohalTests;
			productReference = 46F1B5911A597C6000739FBE /* SoundPlayAlcohalTests.xctest */;
			productType = "com.apple.product-type.bundle.unit-test";
		};
/* End PBXNativeTarget section */

/* Begin PBXProject section */
		46F1B5701A597C5F00739FBE /* Project object */ = {
			isa = PBXProject;
			attributes = {
				LastUpgradeCheck = 0610;
				ORGANIZATIONNAME = watakemi725;
				TargetAttributes = {
					46F1B5771A597C5F00739FBE = {
						CreatedOnToolsVersion = 6.1.1;
						DevelopmentTeam = WQXZ564XF2;
					};
					46F1B5901A597C6000739FBE = {
						CreatedOnToolsVersion = 6.1.1;
						TestTargetID = 46F1B5771A597C5F00739FBE;
					};
				};
			};
			buildConfigurationList = 46F1B5731A597C5F00739FBE /* Build configuration list for PBXProject "SoundPlayAlcohal" */;
			compatibilityVersion = "Xcode 3.2";
			developmentRegion = English;
			hasScannedForEncodings = 0;
			knownRegions = (
				en,
				Base,
			);
			mainGroup = 46F1B56F1A597C5F00739FBE;
			productRefGroup = 46F1B5791A597C5F00739FBE /* Products */;
			projectDirPath = "";
			projectRoot = "";
			targets = (
				46F1B5771A597C5F00739FBE /* SoundPlayAlcohal */,
				46F1B5901A597C6000739FBE /* SoundPlayAlcohalTests */,
			);
		};
/* End PBXProject section */

/* Begin PBXResourcesBuildPhase section */
		46F1B5761A597C5F00739FBE /* Resources */ = {
			isa = PBXResourcesBuildPhase;
			buildActionMask = 2147483647;
			files = (
				46D1A2031A5FE99600E752EA /* sos.m4a in Resources */,
				46F1B5871A597C5F00739FBE /* Main.storyboard in Resources */,
				46F1B58C1A597C6000739FBE /* LaunchScreen.xib in Resources */,
				46F1B5891A597C5F00739FBE /* Images.xcassets in Resources */,
			);
			runOnlyForDeploymentPostprocessing = 0;
		};
		46F1B58F1A597C6000739FBE /* Resources */ = {
			isa = PBXResourcesBuildPhase;
			buildActionMask = 2147483647;
			files = (
			);
			runOnlyForDeploymentPostprocessing = 0;
		};
/* End PBXResourcesBuildPhase section */

/* Begin PBXSourcesBuildPhase section */
		46F1B5741A597C5F00739FBE /* Sources */ = {
			isa = PBXSourcesBuildPhase;
			buildActionMask = 2147483647;
			files = (
				46F1B5841A597C5F00739FBE /* ViewController.m in Sources */,
				46F1B5811A597C5F00739FBE /* AppDelegate.m in Sources */,
				46F1B57E1A597C5F00739FBE /* main.m in Sources */,
			);
			runOnlyForDeploymentPostprocessing = 0;
		};
		46F1B58D1A597C6000739FBE /* Sources */ = {
			isa = PBXSourcesBuildPhase;
			buildActionMask = 2147483647;
			files = (
				46D1A2011A5FE8FD00E752EA /* ViewController.m in Sources */,
				46F1B5981A597C6000739FBE /* SoundPlayAlcohalTests.m in Sources */,
			);
			runOnlyForDeploymentPostprocessing = 0;
		};
/* End PBXSourcesBuildPhase section */

/* Begin PBXTargetDependency section */
		46F1B5931A597C6000739FBE /* PBXTargetDependency */ = {
			isa = PBXTargetDependency;
			target = 46F1B5771A597C5F00739FBE /* SoundPlayAlcohal */;
			targetProxy = 46F1B5921A597C6000739FBE /* PBXContainerItemProxy */;
		};
/* End PBXTargetDependency section */

/* Begin PBXVariantGroup section */
		46F1B5851A597C5F00739FBE /* Main.storyboard */ = {
			isa = PBXVariantGroup;
			children = (
				46F1B5861A597C5F00739FBE /* Base */,
			);
			name = Main.storyboard;
			sourceTree = "<group>";
		};
		46F1B58A1A597C6000739FBE /* LaunchScreen.xib */ = {
			isa = PBXVariantGroup;
			children = (
				46F1B58B1A597C6000739FBE /* Base */,
			);
			name = LaunchScreen.xib;
			sourceTree = "<group>";
		};
/* End PBXVariantGroup section */

/* Begin XCBuildConfiguration section */
		46F1B5991A597C6000739FBE /* Debug */ = {
			isa = XCBuildConfiguration;
			buildSettings = {
				ALWAYS_SEARCH_USER_PATHS = NO;
				CLANG_CXX_LANGUAGE_STANDARD = "gnu++0x";
				CLANG_CXX_LIBRARY = "libc++";
				CLANG_ENABLE_MODULES = YES;
				CLANG_ENABLE_OBJC_ARC = YES;
				CLANG_WARN_BOOL_CONVERSION = YES;
				CLANG_WARN_CONSTANT_CONVERSION = YES;
				CLANG_WARN_DIRECT_OBJC_ISA_USAGE = YES_ERROR;
				CLANG_WARN_EMPTY_BODY = YES;
				CLANG_WARN_ENUM_CONVERSION = YES;
				CLANG_WARN_INT_CONVERSION = YES;
				CLANG_WARN_OBJC_ROOT_CLASS = YES_ERROR;
				CLANG_WARN_UNREACHABLE_CODE = YES;
				CLANG_WARN__DUPLICATE_METHOD_MATCH = YES;
				"CODE_SIGN_IDENTITY[sdk=iphoneos*]" = "iPhone Developer";
				COPY_PHASE_STRIP = NO;
				ENABLE_STRICT_OBJC_MSGSEND = YES;
				GCC_C_LANGUAGE_STANDARD = gnu99;
				GCC_DYNAMIC_NO_PIC = NO;
				GCC_OPTIMIZATION_LEVEL = 0;
				GCC_PREPROCESSOR_DEFINITIONS = (
					"DEBUG=1",
					"$(inherited)",
				);
				GCC_SYMBOLS_PRIVATE_EXTERN = NO;
				GCC_WARN_64_TO_32_BIT_CONVERSION = YES;
				GCC_WARN_ABOUT_RETURN_TYPE = YES_ERROR;
				GCC_WARN_UNDECLARED_SELECTOR = YES;
				GCC_WARN_UNINITIALIZED_AUTOS = YES_AGGRESSIVE;
				GCC_WARN_UNUSED_FUNCTION = YES;
				GCC_WARN_UNUSED_VARIABLE = YES;
				IPHONEOS_DEPLOYMENT_TARGET = 7.1;
				MTL_ENABLE_DEBUG_INFO = YES;
				ONLY_ACTIVE_ARCH = YES;
				SDKROOT = iphoneos;
			};
			name = Debug;
		};
		46F1B59A1A597C6000739FBE /* Release */ = {
			isa = XCBuildConfiguration;
			buildSettings = {
				ALWAYS_SEARCH_USER_PATHS = NO;
				CLANG_CXX_LANGUAGE_STANDARD = "gnu++0x";
				CLANG_CXX_LIBRARY = "libc++";
				CLANG_ENABLE_MODULES = YES;
				CLANG_ENABLE_OBJC_ARC = YES;
				CLANG_WARN_BOOL_CONVERSION = YES;
				CLANG_WARN_CONSTANT_CONVERSION = YES;
				CLANG_WARN_DIRECT_OBJC_ISA_USAGE = YES_ERROR;
				CLANG_WARN_EMPTY_BODY = YES;
				CLANG_WARN_ENUM_CONVERSION = YES;
				CLANG_WARN_INT_CONVERSION = YES;
				CLANG_WARN_OBJC_ROOT_CLASS = YES_ERROR;
				CLANG_WARN_UNREACHABLE_CODE = YES;
				CLANG_WARN__DUPLICATE_METHOD_MATCH = YES;
				"CODE_SIGN_IDENTITY[sdk=iphoneos*]" = "iPhone Developer";
				COPY_PHASE_STRIP = YES;
				ENABLE_NS_ASSERTIONS = NO;
				ENABLE_STRICT_OBJC_MSGSEND = YES;
				GCC_C_LANGUAGE_STANDARD = gnu99;
				GCC_WARN_64_TO_32_BIT_CONVERSION = YES;
				GCC_WARN_ABOUT_RETURN_TYPE = YES_ERROR;
				GCC_WARN_UNDECLARED_SELECTOR = YES;
				GCC_WARN_UNINITIALIZED_AUTOS = YES_AGGRESSIVE;
				GCC_WARN_UNUSED_FUNCTION = YES;
				GCC_WARN_UNUSED_VARIABLE = YES;
				IPHONEOS_DEPLOYMENT_TARGET = 7.1;
				MTL_ENABLE_DEBUG_INFO = NO;
				SDKROOT = iphoneos;
				VALIDATE_PRODUCT = YES;
			};
			name = Release;
		};
		46F1B59C1A597C6000739FBE /* Debug */ = {
			isa = XCBuildConfiguration;
			buildSettings = {
				ASSETCATALOG_COMPILER_APPICON_NAME = AppIcon;
				ASSETCATALOG_COMPILER_LAUNCHIMAGE_NAME = LaunchImage;
				CODE_SIGN_IDENTITY = "iPhone Developer";
				INFOPLIST_FILE = SoundPlayAlcohal/Info.plist;
				IPHONEOS_DEPLOYMENT_TARGET = 7.1;
				LD_RUNPATH_SEARCH_PATHS = "$(inherited) @executable_path/Frameworks";
				PRODUCT_NAME = "$(TARGET_NAME)";
			};
			name = Debug;
		};
		46F1B59D1A597C6000739FBE /* Release */ = {
			isa = XCBuildConfiguration;
			buildSettings = {
				ASSETCATALOG_COMPILER_APPICON_NAME = AppIcon;
				ASSETCATALOG_COMPILER_LAUNCHIMAGE_NAME = LaunchImage;
				CODE_SIGN_IDENTITY = "iPhone Developer";
				INFOPLIST_FILE = SoundPlayAlcohal/Info.plist;
				IPHONEOS_DEPLOYMENT_TARGET = 7.1;
				LD_RUNPATH_SEARCH_PATHS = "$(inherited) @executable_path/Frameworks";
				PRODUCT_NAME = "$(TARGET_NAME)";
			};
			name = Release;
		};
		46F1B59F1A597C6000739FBE /* Debug */ = {
			isa = XCBuildConfiguration;
			buildSettings = {
				FRAMEWORK_SEARCH_PATHS = (
					"$(SDKROOT)/Developer/Library/Frameworks",
					"$(inherited)",
				);
				GCC_PREPROCESSOR_DEFINITIONS = (
					"DEBUG=1",
					"$(inherited)",
				);
				INFOPLIST_FILE = SoundPlayAlcohalTests/Info.plist;
				LD_RUNPATH_SEARCH_PATHS = "$(inherited) @executable_path/Frameworks @loader_path/Frameworks";
				PRODUCT_NAME = "$(TARGET_NAME)";
				TEST_HOST = "$(BUILT_PRODUCTS_DIR)/SoundPlayAlcohal.app/SoundPlayAlcohal";
			};
			name = Debug;
		};
		46F1B5A01A597C6000739FBE /* Release */ = {
			isa = XCBuildConfiguration;
			buildSettings = {
				FRAMEWORK_SEARCH_PATHS = (
					"$(SDKROOT)/Developer/Library/Frameworks",
					"$(inherited)",
				);
				INFOPLIST_FILE = SoundPlayAlcohalTests/Info.plist;
				LD_RUNPATH_SEARCH_PATHS = "$(inherited) @executable_path/Frameworks @loader_path/Frameworks";
				PRODUCT_NAME = "$(TARGET_NAME)";
				TEST_HOST = "$(BUILT_PRODUCTS_DIR)/SoundPlayAlcohal.app/SoundPlayAlcohal";
			};
			name = Release;
		};
/* End XCBuildConfiguration section */

/* Begin XCConfigurationList section */
		46F1B5731A597C5F00739FBE /* Build configuration list for PBXProject "SoundPlayAlcohal" */ = {
			isa = XCConfigurationList;
			buildConfigurations = (
				46F1B5991A597C6000739FBE /* Debug */,
				46F1B59A1A597C6000739FBE /* Release */,
			);
			defaultConfigurationIsVisible = 0;
			defaultConfigurationName = Release;
		};
		46F1B59B1A597C6000739FBE /* Build configuration list for PBXNativeTarget "SoundPlayAlcohal" */ = {
			isa = XCConfigurationList;
			buildConfigurations = (
				46F1B59C1A597C6000739FBE /* Debug */,
				46F1B59D1A597C6000739FBE /* Release */,
			);
			defaultConfigurationIsVisible = 0;
			defaultConfigurationName = Release;
		};
		46F1B59E1A597C6000739FBE /* Build configuration list for PBXNativeTarget "SoundPlayAlcohalTests" */ = {
			isa = XCConfigurationList;
			buildConfigurations = (
				46F1B59F1A597C6000739FBE /* Debug */,
				46F1B5A01A597C6000739FBE /* Release */,
			);
			defaultConfigurationIsVisible = 0;
			defaultConfigurationName = Release;
		};
/* End XCConfigurationList section */
	};
	rootObject = 46F1B5701A597C5F00739FBE /* Project object */;
}
